
Microsoft Visual Studio Solution File, Format Version 12.00
# Visual Studio Version 16
VisualStudioVersion = 16.0.31702.278
MinimumVisualStudioVersion = 10.0.40219.1
Project("{FAE04EC0-301F-11D3-BF4B-00C04F79EFBC}") = "ConsoleApp12", "ConsoleApp12\ConsoleApp12.csproj", "{4FE3269D-A3C5-4169-838C-D4BBED298728}"
EndProject
Project("{FAE04EC0-301F-11D3-BF4B-00C04F79EFBC}") = "ConsoleApp1", "ConsoleApp1\ConsoleApp1.csproj", "{8D1097B6-DCB9-49DE-B6D3-916C48B51752}"
EndProject
Global
	GlobalSection(SolutionConfigurationPlatforms) = preSolution
		Debug|Any CPU = Debug|Any CPU
		Release|Any CPU = Release|Any CPU
	EndGlobalSection
	GlobalSection(ProjectConfigurationPlatforms) = postSolution
		{4FE3269D-A3C5-4169-838C-D4BBED298728}.Debug|Any CPU.ActiveCfg = Debug|Any CPU
		{4FE3269D-A3C5-4169-838C-D4BBED298728}.Debug|Any CPU.Build.0 = Debug|Any CPU
		{4FE3269D-A3C5-4169-838C-D4BBED298728}.Release|Any CPU.ActiveCfg = Release|Any CPU
		{4FE3269D-A3C5-4169-838C-D4BBED298728}.Release|Any CPU.Build.0 = Release|Any CPU
		{8D1097B6-DCB9-49DE-B6D3-916C48B51752}.Debug|Any CPU.ActiveCfg = Debug|Any CPU
		{8D1097B6-DCB9-49DE-B6D3-916C48B51752}.Debug|Any CPU.Build.0 = Debug|Any CPU
		{8D1097B6-DCB9-49DE-B6D3-916C48B51752}.Release|Any CPU.ActiveCfg = Release|Any CPU
		{8D1097B6-DCB9-49DE-B6D3-916C48B51752}.Release|Any CPU.Build.0 = Release|Any CPU
	EndGlobalSection
	GlobalSection(SolutionProperties) = preSolution
		HideSolutionNode = FALSE
	EndGlobalSection
	GlobalSection(ExtensibilityGlobals) = postSolution
		SolutionGuid = {8DF3818D-ACA0-420A-8887-D1D39DECBE27}
	EndGlobalSection
EndGlobal
