
Microsoft Visual Studio Solution File, Format Version 12.00
# Visual Studio Version 16
VisualStudioVersion = 16.0.31702.278
MinimumVisualStudioVersion = 10.0.40219.1
Project("{FAE04EC0-301F-11D3-BF4B-00C04F79EFBC}") = "WindowsFormsApp14", "WindowsFormsApp14\WindowsFormsApp14.csproj", "{7065BCAD-A0CF-489E-9794-36169AF96759}"
EndProject
Project("{FAE04EC0-301F-11D3-BF4B-00C04F79EFBC}") = "WindowsFormsApp1", "WindowsFormsApp1\WindowsFormsApp1.csproj", "{BD52222F-7CCC-4C65-B2D7-BFA7F3B800F9}"
EndProject
Global
	GlobalSection(SolutionConfigurationPlatforms) = preSolution
		Debug|Any CPU = Debug|Any CPU
		Release|Any CPU = Release|Any CPU
	EndGlobalSection
	GlobalSection(ProjectConfigurationPlatforms) = postSolution
		{7065BCAD-A0CF-489E-9794-36169AF96759}.Debug|Any CPU.ActiveCfg = Debug|Any CPU
		{7065BCAD-A0CF-489E-9794-36169AF96759}.Debug|Any CPU.Build.0 = Debug|Any CPU
		{7065BCAD-A0CF-489E-9794-36169AF96759}.Release|Any CPU.ActiveCfg = Release|Any CPU
		{7065BCAD-A0CF-489E-9794-36169AF96759}.Release|Any CPU.Build.0 = Release|Any CPU
		{BD52222F-7CCC-4C65-B2D7-BFA7F3B800F9}.Debug|Any CPU.ActiveCfg = Debug|Any CPU
		{BD52222F-7CCC-4C65-B2D7-BFA7F3B800F9}.Debug|Any CPU.Build.0 = Debug|Any CPU
		{BD52222F-7CCC-4C65-B2D7-BFA7F3B800F9}.Release|Any CPU.ActiveCfg = Release|Any CPU
		{BD52222F-7CCC-4C65-B2D7-BFA7F3B800F9}.Release|Any CPU.Build.0 = Release|Any CPU
	EndGlobalSection
	GlobalSection(SolutionProperties) = preSolution
		HideSolutionNode = FALSE
	EndGlobalSection
	GlobalSection(ExtensibilityGlobals) = postSolution
		SolutionGuid = {4D433309-671E-4813-93BA-384550F2FB35}
	EndGlobalSection
EndGlobal
