
Microsoft Visual Studio Solution File, Format Version 12.00
# Visual Studio Version 16
VisualStudioVersion = 16.0.31702.278
MinimumVisualStudioVersion = 10.0.40219.1
Project("{FAE04EC0-301F-11D3-BF4B-00C04F79EFBC}") = "ConsoleApp11", "ConsoleApp11\ConsoleApp11.csproj", "{0B92755D-F9AE-4F31-9DA3-D705C03655EC}"
EndProject
Project("{FAE04EC0-301F-11D3-BF4B-00C04F79EFBC}") = "ConsoleApp1", "ConsoleApp1\ConsoleApp1.csproj", "{3BD7775E-AA99-4D21-814C-353A01A9E3CE}"
EndProject
Project("{FAE04EC0-301F-11D3-BF4B-00C04F79EFBC}") = "ConsoleApp2", "ConsoleApp2\ConsoleApp2.csproj", "{30160322-AB87-42DE-AC31-8B8872F88151}"
EndProject
Project("{FAE04EC0-301F-11D3-BF4B-00C04F79EFBC}") = "ConsoleApp3", "ConsoleApp3\ConsoleApp3.csproj", "{E958E592-EA41-4C94-9A80-1863466861EE}"
EndProject
Project("{FAE04EC0-301F-11D3-BF4B-00C04F79EFBC}") = "ConsoleApp4", "ConsoleApp4\ConsoleApp4.csproj", "{835B6109-D417-4AC0-AFA1-94FC7FA489FC}"
EndProject
Project("{FAE04EC0-301F-11D3-BF4B-00C04F79EFBC}") = "ConsoleApp5", "ConsoleApp5\ConsoleApp5.csproj", "{D4441E40-DBDC-4B27-AD36-5C7659CDB5AE}"
EndProject
Project("{FAE04EC0-301F-11D3-BF4B-00C04F79EFBC}") = "ConsoleApp6", "ConsoleApp6\ConsoleApp6.csproj", "{8AA1E2C3-AB1C-4ACA-9C6D-9C18BF3B4814}"
EndProject
Global
	GlobalSection(SolutionConfigurationPlatforms) = preSolution
		Debug|Any CPU = Debug|Any CPU
		Release|Any CPU = Release|Any CPU
	EndGlobalSection
	GlobalSection(ProjectConfigurationPlatforms) = postSolution
		{0B92755D-F9AE-4F31-9DA3-D705C03655EC}.Debug|Any CPU.ActiveCfg = Debug|Any CPU
		{0B92755D-F9AE-4F31-9DA3-D705C03655EC}.Debug|Any CPU.Build.0 = Debug|Any CPU
		{0B92755D-F9AE-4F31-9DA3-D705C03655EC}.Release|Any CPU.ActiveCfg = Release|Any CPU
		{0B92755D-F9AE-4F31-9DA3-D705C03655EC}.Release|Any CPU.Build.0 = Release|Any CPU
		{3BD7775E-AA99-4D21-814C-353A01A9E3CE}.Debug|Any CPU.ActiveCfg = Debug|Any CPU
		{3BD7775E-AA99-4D21-814C-353A01A9E3CE}.Debug|Any CPU.Build.0 = Debug|Any CPU
		{3BD7775E-AA99-4D21-814C-353A01A9E3CE}.Release|Any CPU.ActiveCfg = Release|Any CPU
		{3BD7775E-AA99-4D21-814C-353A01A9E3CE}.Release|Any CPU.Build.0 = Release|Any CPU
		{30160322-AB87-42DE-AC31-8B8872F88151}.Debug|Any CPU.ActiveCfg = Debug|Any CPU
		{30160322-AB87-42DE-AC31-8B8872F88151}.Debug|Any CPU.Build.0 = Debug|Any CPU
		{30160322-AB87-42DE-AC31-8B8872F88151}.Release|Any CPU.ActiveCfg = Release|Any CPU
		{30160322-AB87-42DE-AC31-8B8872F88151}.Release|Any CPU.Build.0 = Release|Any CPU
		{E958E592-EA41-4C94-9A80-1863466861EE}.Debug|Any CPU.ActiveCfg = Debug|Any CPU
		{E958E592-EA41-4C94-9A80-1863466861EE}.Debug|Any CPU.Build.0 = Debug|Any CPU
		{E958E592-EA41-4C94-9A80-1863466861EE}.Release|Any CPU.ActiveCfg = Release|Any CPU
		{E958E592-EA41-4C94-9A80-1863466861EE}.Release|Any CPU.Build.0 = Release|Any CPU
		{835B6109-D417-4AC0-AFA1-94FC7FA489FC}.Debug|Any CPU.ActiveCfg = Debug|Any CPU
		{835B6109-D417-4AC0-AFA1-94FC7FA489FC}.Debug|Any CPU.Build.0 = Debug|Any CPU
		{835B6109-D417-4AC0-AFA1-94FC7FA489FC}.Release|Any CPU.ActiveCfg = Release|Any CPU
		{835B6109-D417-4AC0-AFA1-94FC7FA489FC}.Release|Any CPU.Build.0 = Release|Any CPU
		{D4441E40-DBDC-4B27-AD36-5C7659CDB5AE}.Debug|Any CPU.ActiveCfg = Debug|Any CPU
		{D4441E40-DBDC-4B27-AD36-5C7659CDB5AE}.Debug|Any CPU.Build.0 = Debug|Any CPU
		{D4441E40-DBDC-4B27-AD36-5C7659CDB5AE}.Release|Any CPU.ActiveCfg = Release|Any CPU
		{D4441E40-DBDC-4B27-AD36-5C7659CDB5AE}.Release|Any CPU.Build.0 = Release|Any CPU
		{8AA1E2C3-AB1C-4ACA-9C6D-9C18BF3B4814}.Debug|Any CPU.ActiveCfg = Debug|Any CPU
		{8AA1E2C3-AB1C-4ACA-9C6D-9C18BF3B4814}.Debug|Any CPU.Build.0 = Debug|Any CPU
		{8AA1E2C3-AB1C-4ACA-9C6D-9C18BF3B4814}.Release|Any CPU.ActiveCfg = Release|Any CPU
		{8AA1E2C3-AB1C-4ACA-9C6D-9C18BF3B4814}.Release|Any CPU.Build.0 = Release|Any CPU
	EndGlobalSection
	GlobalSection(SolutionProperties) = preSolution
		HideSolutionNode = FALSE
	EndGlobalSection
	GlobalSection(ExtensibilityGlobals) = postSolution
		SolutionGuid = {B77B9E23-3A5D-4708-9307-293501ACECD9}
	EndGlobalSection
EndGlobal
