
Microsoft Visual Studio Solution File, Format Version 12.00
# Visual Studio Version 16
VisualStudioVersion = 16.0.31702.278
MinimumVisualStudioVersion = 10.0.40219.1
Project("{FAE04EC0-301F-11D3-BF4B-00C04F79EFBC}") = "ConsoleApp16", "ConsoleApp16\ConsoleApp16.csproj", "{1C91D4C7-A147-4350-936D-103D63E35C1E}"
EndProject
Project("{FAE04EC0-301F-11D3-BF4B-00C04F79EFBC}") = "ConsoleApp1", "ConsoleApp1\ConsoleApp1.csproj", "{CADFB565-B185-4088-A896-D6FDE44FC45F}"
EndProject
Global
	GlobalSection(SolutionConfigurationPlatforms) = preSolution
		Debug|Any CPU = Debug|Any CPU
		Release|Any CPU = Release|Any CPU
	EndGlobalSection
	GlobalSection(ProjectConfigurationPlatforms) = postSolution
		{1C91D4C7-A147-4350-936D-103D63E35C1E}.Debug|Any CPU.ActiveCfg = Debug|Any CPU
		{1C91D4C7-A147-4350-936D-103D63E35C1E}.Debug|Any CPU.Build.0 = Debug|Any CPU
		{1C91D4C7-A147-4350-936D-103D63E35C1E}.Release|Any CPU.ActiveCfg = Release|Any CPU
		{1C91D4C7-A147-4350-936D-103D63E35C1E}.Release|Any CPU.Build.0 = Release|Any CPU
		{CADFB565-B185-4088-A896-D6FDE44FC45F}.Debug|Any CPU.ActiveCfg = Debug|Any CPU
		{CADFB565-B185-4088-A896-D6FDE44FC45F}.Debug|Any CPU.Build.0 = Debug|Any CPU
		{CADFB565-B185-4088-A896-D6FDE44FC45F}.Release|Any CPU.ActiveCfg = Release|Any CPU
		{CADFB565-B185-4088-A896-D6FDE44FC45F}.Release|Any CPU.Build.0 = Release|Any CPU
	EndGlobalSection
	GlobalSection(SolutionProperties) = preSolution
		HideSolutionNode = FALSE
	EndGlobalSection
	GlobalSection(ExtensibilityGlobals) = postSolution
		SolutionGuid = {B217FC74-1289-44D6-B2D4-1480098A4F0A}
	EndGlobalSection
EndGlobal
