
Microsoft Visual Studio Solution File, Format Version 12.00
# Visual Studio Version 17
VisualStudioVersion = 17.0.32014.148
MinimumVisualStudioVersion = 10.0.40219.1
Project("{FAE04EC0-301F-11D3-BF4B-00C04F79EFBC}") = "WpfApp5", "WpfApp5\WpfApp5.csproj", "{7CF4DAFE-3A2F-4B61-9EA8-CE89AB3F2BEB}"
EndProject
Project("{FAE04EC0-301F-11D3-BF4B-00C04F79EFBC}") = "WpfApp1", "WpfApp1\WpfApp1.csproj", "{452253DF-CBF7-41E1-9899-DAA389073DFC}"
EndProject
Project("{FAE04EC0-301F-11D3-BF4B-00C04F79EFBC}") = "WpfApp2", "WpfApp2\WpfApp2.csproj", "{1DC57805-85CB-4B7E-A4A4-BC3D9E40A61B}"
EndProject
Global
	GlobalSection(SolutionConfigurationPlatforms) = preSolution
		Debug|Any CPU = Debug|Any CPU
		Release|Any CPU = Release|Any CPU
	EndGlobalSection
	GlobalSection(ProjectConfigurationPlatforms) = postSolution
		{7CF4DAFE-3A2F-4B61-9EA8-CE89AB3F2BEB}.Debug|Any CPU.ActiveCfg = Debug|Any CPU
		{7CF4DAFE-3A2F-4B61-9EA8-CE89AB3F2BEB}.Debug|Any CPU.Build.0 = Debug|Any CPU
		{7CF4DAFE-3A2F-4B61-9EA8-CE89AB3F2BEB}.Release|Any CPU.ActiveCfg = Release|Any CPU
		{7CF4DAFE-3A2F-4B61-9EA8-CE89AB3F2BEB}.Release|Any CPU.Build.0 = Release|Any CPU
		{452253DF-CBF7-41E1-9899-DAA389073DFC}.Debug|Any CPU.ActiveCfg = Debug|Any CPU
		{452253DF-CBF7-41E1-9899-DAA389073DFC}.Debug|Any CPU.Build.0 = Debug|Any CPU
		{452253DF-CBF7-41E1-9899-DAA389073DFC}.Release|Any CPU.ActiveCfg = Release|Any CPU
		{452253DF-CBF7-41E1-9899-DAA389073DFC}.Release|Any CPU.Build.0 = Release|Any CPU
		{1DC57805-85CB-4B7E-A4A4-BC3D9E40A61B}.Debug|Any CPU.ActiveCfg = Debug|Any CPU
		{1DC57805-85CB-4B7E-A4A4-BC3D9E40A61B}.Debug|Any CPU.Build.0 = Debug|Any CPU
		{1DC57805-85CB-4B7E-A4A4-BC3D9E40A61B}.Release|Any CPU.ActiveCfg = Release|Any CPU
		{1DC57805-85CB-4B7E-A4A4-BC3D9E40A61B}.Release|Any CPU.Build.0 = Release|Any CPU
	EndGlobalSection
	GlobalSection(SolutionProperties) = preSolution
		HideSolutionNode = FALSE
	EndGlobalSection
	GlobalSection(ExtensibilityGlobals) = postSolution
		SolutionGuid = {A54BD3C4-64D6-44B7-A3CB-CE18AA245AB2}
	EndGlobalSection
EndGlobal
