
Microsoft Visual Studio Solution File, Format Version 12.00
# Visual Studio Version 16
VisualStudioVersion = 16.0.31702.278
MinimumVisualStudioVersion = 10.0.40219.1
Project("{FAE04EC0-301F-11D3-BF4B-00C04F79EFBC}") = "WindowsFormsApp13", "WindowsFormsApp13\WindowsFormsApp13.csproj", "{6F1D9469-5F0D-4A31-8F9C-57F650C541C2}"
EndProject
Project("{FAE04EC0-301F-11D3-BF4B-00C04F79EFBC}") = "Кнопки", "Кнопки\Кнопки.csproj", "{B69B864B-31F2-4E58-9120-5AC6B530EF83}"
EndProject
Global
	GlobalSection(SolutionConfigurationPlatforms) = preSolution
		Debug|Any CPU = Debug|Any CPU
		Release|Any CPU = Release|Any CPU
	EndGlobalSection
	GlobalSection(ProjectConfigurationPlatforms) = postSolution
		{6F1D9469-5F0D-4A31-8F9C-57F650C541C2}.Debug|Any CPU.ActiveCfg = Debug|Any CPU
		{6F1D9469-5F0D-4A31-8F9C-57F650C541C2}.Debug|Any CPU.Build.0 = Debug|Any CPU
		{6F1D9469-5F0D-4A31-8F9C-57F650C541C2}.Release|Any CPU.ActiveCfg = Release|Any CPU
		{6F1D9469-5F0D-4A31-8F9C-57F650C541C2}.Release|Any CPU.Build.0 = Release|Any CPU
		{B69B864B-31F2-4E58-9120-5AC6B530EF83}.Debug|Any CPU.ActiveCfg = Debug|Any CPU
		{B69B864B-31F2-4E58-9120-5AC6B530EF83}.Debug|Any CPU.Build.0 = Debug|Any CPU
		{B69B864B-31F2-4E58-9120-5AC6B530EF83}.Release|Any CPU.ActiveCfg = Release|Any CPU
		{B69B864B-31F2-4E58-9120-5AC6B530EF83}.Release|Any CPU.Build.0 = Release|Any CPU
	EndGlobalSection
	GlobalSection(SolutionProperties) = preSolution
		HideSolutionNode = FALSE
	EndGlobalSection
	GlobalSection(ExtensibilityGlobals) = postSolution
		SolutionGuid = {45F27674-90C4-41C5-B370-676E30B568CB}
	EndGlobalSection
EndGlobal
