
Microsoft Visual Studio Solution File, Format Version 12.00
# Visual Studio Version 16
VisualStudioVersion = 16.0.31702.278
MinimumVisualStudioVersion = 10.0.40219.1
Project("{FAE04EC0-301F-11D3-BF4B-00C04F79EFBC}") = "ConsoleApp9", "ConsoleApp9\ConsoleApp9.csproj", "{26AD469E-42FD-4517-B8B5-D0BBC777451D}"
EndProject
Project("{FAE04EC0-301F-11D3-BF4B-00C04F79EFBC}") = "ConsoleApp1", "ConsoleApp1\ConsoleApp1.csproj", "{88627515-F670-4FF2-A799-A28325EBB099}"
EndProject
Global
	GlobalSection(SolutionConfigurationPlatforms) = preSolution
		Debug|Any CPU = Debug|Any CPU
		Release|Any CPU = Release|Any CPU
	EndGlobalSection
	GlobalSection(ProjectConfigurationPlatforms) = postSolution
		{26AD469E-42FD-4517-B8B5-D0BBC777451D}.Debug|Any CPU.ActiveCfg = Debug|Any CPU
		{26AD469E-42FD-4517-B8B5-D0BBC777451D}.Debug|Any CPU.Build.0 = Debug|Any CPU
		{26AD469E-42FD-4517-B8B5-D0BBC777451D}.Release|Any CPU.ActiveCfg = Release|Any CPU
		{26AD469E-42FD-4517-B8B5-D0BBC777451D}.Release|Any CPU.Build.0 = Release|Any CPU
		{88627515-F670-4FF2-A799-A28325EBB099}.Debug|Any CPU.ActiveCfg = Debug|Any CPU
		{88627515-F670-4FF2-A799-A28325EBB099}.Debug|Any CPU.Build.0 = Debug|Any CPU
		{88627515-F670-4FF2-A799-A28325EBB099}.Release|Any CPU.ActiveCfg = Release|Any CPU
		{88627515-F670-4FF2-A799-A28325EBB099}.Release|Any CPU.Build.0 = Release|Any CPU
	EndGlobalSection
	GlobalSection(SolutionProperties) = preSolution
		HideSolutionNode = FALSE
	EndGlobalSection
	GlobalSection(ExtensibilityGlobals) = postSolution
		SolutionGuid = {7729CD56-B7B3-4685-AC3F-DE8F2192B038}
	EndGlobalSection
EndGlobal
