
Microsoft Visual Studio Solution File, Format Version 12.00
# Visual Studio Version 16
VisualStudioVersion = 16.0.31702.278
MinimumVisualStudioVersion = 10.0.40219.1
Project("{FAE04EC0-301F-11D3-BF4B-00C04F79EFBC}") = "WindowsFormsApp6", "WindowsFormsApp6\WindowsFormsApp6.csproj", "{BF4446BE-E915-4D19-A4A8-1A1F36209EE6}"
EndProject
Project("{FAE04EC0-301F-11D3-BF4B-00C04F79EFBC}") = "WindowsFormsApp1", "WindowsFormsApp1\WindowsFormsApp1.csproj", "{30D5E93F-7925-4D96-B39D-6B0DCC7A0FB7}"
EndProject
Global
	GlobalSection(SolutionConfigurationPlatforms) = preSolution
		Debug|Any CPU = Debug|Any CPU
		Release|Any CPU = Release|Any CPU
	EndGlobalSection
	GlobalSection(ProjectConfigurationPlatforms) = postSolution
		{BF4446BE-E915-4D19-A4A8-1A1F36209EE6}.Debug|Any CPU.ActiveCfg = Debug|Any CPU
		{BF4446BE-E915-4D19-A4A8-1A1F36209EE6}.Debug|Any CPU.Build.0 = Debug|Any CPU
		{BF4446BE-E915-4D19-A4A8-1A1F36209EE6}.Release|Any CPU.ActiveCfg = Release|Any CPU
		{BF4446BE-E915-4D19-A4A8-1A1F36209EE6}.Release|Any CPU.Build.0 = Release|Any CPU
		{30D5E93F-7925-4D96-B39D-6B0DCC7A0FB7}.Debug|Any CPU.ActiveCfg = Debug|Any CPU
		{30D5E93F-7925-4D96-B39D-6B0DCC7A0FB7}.Debug|Any CPU.Build.0 = Debug|Any CPU
		{30D5E93F-7925-4D96-B39D-6B0DCC7A0FB7}.Release|Any CPU.ActiveCfg = Release|Any CPU
		{30D5E93F-7925-4D96-B39D-6B0DCC7A0FB7}.Release|Any CPU.Build.0 = Release|Any CPU
	EndGlobalSection
	GlobalSection(SolutionProperties) = preSolution
		HideSolutionNode = FALSE
	EndGlobalSection
	GlobalSection(ExtensibilityGlobals) = postSolution
		SolutionGuid = {FA243085-31B6-47FF-90DB-0CDB6F1005E2}
	EndGlobalSection
EndGlobal
