
Microsoft Visual Studio Solution File, Format Version 12.00
# Visual Studio Version 16
VisualStudioVersion = 16.0.31702.278
MinimumVisualStudioVersion = 10.0.40219.1
Project("{FAE04EC0-301F-11D3-BF4B-00C04F79EFBC}") = "WpfApp5", "WpfApp5\WpfApp5.csproj", "{EB8244C0-B815-48E4-8A65-3817C0F744CD}"
EndProject
Global
	GlobalSection(SolutionConfigurationPlatforms) = preSolution
		Debug|Any CPU = Debug|Any CPU
		Release|Any CPU = Release|Any CPU
	EndGlobalSection
	GlobalSection(ProjectConfigurationPlatforms) = postSolution
		{EB8244C0-B815-48E4-8A65-3817C0F744CD}.Debug|Any CPU.ActiveCfg = Debug|Any CPU
		{EB8244C0-B815-48E4-8A65-3817C0F744CD}.Debug|Any CPU.Build.0 = Debug|Any CPU
		{EB8244C0-B815-48E4-8A65-3817C0F744CD}.Release|Any CPU.ActiveCfg = Release|Any CPU
		{EB8244C0-B815-48E4-8A65-3817C0F744CD}.Release|Any CPU.Build.0 = Release|Any CPU
	EndGlobalSection
	GlobalSection(SolutionProperties) = preSolution
		HideSolutionNode = FALSE
	EndGlobalSection
	GlobalSection(ExtensibilityGlobals) = postSolution
		SolutionGuid = {E760B875-39B3-4EF9-98A1-B30FB4A93476}
	EndGlobalSection
EndGlobal
