
Microsoft Visual Studio Solution File, Format Version 12.00
# Visual Studio Version 16
VisualStudioVersion = 16.0.31129.286
MinimumVisualStudioVersion = 10.0.40219.1
Project("{FAE04EC0-301F-11D3-BF4B-00C04F79EFBC}") = "ConsoleApp26", "ConsoleApp26\ConsoleApp26.csproj", "{D2D22BCA-6EF2-4217-8DAA-D2F8D40B7194}"
EndProject
Global
	GlobalSection(SolutionConfigurationPlatforms) = preSolution
		Debug|Any CPU = Debug|Any CPU
		Release|Any CPU = Release|Any CPU
	EndGlobalSection
	GlobalSection(ProjectConfigurationPlatforms) = postSolution
		{D2D22BCA-6EF2-4217-8DAA-D2F8D40B7194}.Debug|Any CPU.ActiveCfg = Debug|Any CPU
		{D2D22BCA-6EF2-4217-8DAA-D2F8D40B7194}.Debug|Any CPU.Build.0 = Debug|Any CPU
		{D2D22BCA-6EF2-4217-8DAA-D2F8D40B7194}.Release|Any CPU.ActiveCfg = Release|Any CPU
		{D2D22BCA-6EF2-4217-8DAA-D2F8D40B7194}.Release|Any CPU.Build.0 = Release|Any CPU
	EndGlobalSection
	GlobalSection(SolutionProperties) = preSolution
		HideSolutionNode = FALSE
	EndGlobalSection
	GlobalSection(ExtensibilityGlobals) = postSolution
		SolutionGuid = {BCDA7232-2A0F-4138-976A-1A06F999D93E}
	EndGlobalSection
EndGlobal
